
Microsoft Visual Studio Solution File, Format Version 12.00
# Visual Studio Version 17
VisualStudioVersion = 17.13.35919.96 d17.13
MinimumVisualStudioVersion = 10.0.40219.1
Project("{FAE04EC0-301F-11D3-BF4B-00C04F79EFBC}") = "ThiTracNghiem", "ThiTracNghiem.csproj", "{135C368F-8B78-4520-934D-DAD3B9783AF1}"
EndProject
Global
	GlobalSection(SolutionConfigurationPlatforms) = preSolution
		Debug|Any CPU = Debug|Any CPU
		Release|Any CPU = Release|Any CPU
	EndGlobalSection
	GlobalSection(ProjectConfigurationPlatforms) = postSolution
		{135C368F-8B78-4520-934D-DAD3B9783AF1}.Debug|Any CPU.ActiveCfg = Debug|Any CPU
		{135C368F-8B78-4520-934D-DAD3B9783AF1}.Debug|Any CPU.Build.0 = Debug|Any CPU
		{135C368F-8B78-4520-934D-DAD3B9783AF1}.Release|Any CPU.ActiveCfg = Release|Any CPU
		{135C368F-8B78-4520-934D-DAD3B9783AF1}.Release|Any CPU.Build.0 = Release|Any CPU
	EndGlobalSection
	GlobalSection(SolutionProperties) = preSolution
		HideSolutionNode = FALSE
	EndGlobalSection
	GlobalSection(ExtensibilityGlobals) = postSolution
		SolutionGuid = {4D8E9C7B-6375-4CEC-9F99-D3C32EB3EF06}
	EndGlobalSection
EndGlobal
